{
  "nodes": {
    "agenix": {
      "inputs": {
        "darwin": "darwin",
        "home-manager": [
          "error_no_internet_flake",
          "home-manager"
        ],
        "nixpkgs": [
          "error_no_internet_flake",
          "nixpkgs"
        ],
        "systems": "systems"
      },
      "locked": {
        "lastModified": 1707830867,
        "narHash": "sha256-PAdwm5QqdlwIqGrfzzvzZubM+FXtilekQ/FA0cI49/o=",
        "owner": "ryantm",
        "repo": "agenix",
        "rev": "8cb01a0e717311680e0cbca06a76cbceba6f3ed6",
        "type": "github"
      },
      "original": {
        "owner": "ryantm",
        "repo": "agenix",
        "type": "github"
      }
    },
    "ags": {
      "inputs": {
        "nixpkgs": [
          "nixpkgs"
        ]
      },
      "locked": {
        "lastModified": 1711504987,
        "narHash": "sha256-L5Ml0rhlvjm8ryRKWY1SV6+bSU0JRE91LeeCo9G4Fk4=",
        "owner": "ozwaldorf",
        "repo": "ags",
        "rev": "fc0dc946f5134ec4393e20daf20fdcffacafe4b0",
        "type": "github"
      },
      "original": {
        "owner": "ozwaldorf",
        "repo": "ags",
        "type": "github"
      }
    },
    "attic": {
      "inputs": {
        "crane": "crane",
        "flake-compat": [
          "error_no_internet_flake",
          "flake-compat"
        ],
        "flake-utils": [
          "error_no_internet_flake",
          "flake-utils"
        ],
        "nixpkgs": [
          "error_no_internet_flake",
          "nixpkgs"
        ],
        "nixpkgs-stable": "nixpkgs-stable"
      },
      "locked": {
        "lastModified": 1707922053,
        "narHash": "sha256-wSZjK+rOXn+UQiP1NbdNn5/UW6UcBxjvlqr2wh++MbM=",
        "owner": "zhaofengli",
        "repo": "attic",
        "rev": "6eabc3f02fae3683bffab483e614bebfcd476b21",
        "type": "github"
      },
      "original": {
        "owner": "zhaofengli",
        "repo": "attic",
        "type": "github"
      }
    },
    "base16-schemes": {
      "flake": false,
      "locked": {
        "lastModified": 1696158499,
        "narHash": "sha256-5yIHgDTPjoX/3oDEfLSQ0eJZdFL1SaCfb9d6M0RmOTM=",
        "owner": "tinted-theming",
        "repo": "base16-schemes",
        "rev": "a9112eaae86d9dd8ee6bb9445b664fba2f94037a",
        "type": "github"
      },
      "original": {
        "owner": "tinted-theming",
        "repo": "base16-schemes",
        "type": "github"
      }
    },
    "crane": {
      "inputs": {
        "nixpkgs": [
          "error_no_internet_flake",
          "attic",
          "nixpkgs"
        ]
      },
      "locked": {
        "lastModified": 1702918879,
        "narHash": "sha256-tWJqzajIvYcaRWxn+cLUB9L9Pv4dQ3Bfit/YjU5ze3g=",
        "owner": "ipetkov",
        "repo": "crane",
        "rev": "7195c00c272fdd92fc74e7d5a0a2844b9fadb2fb",
        "type": "github"
      },
      "original": {
        "owner": "ipetkov",
        "repo": "crane",
        "type": "github"
      }
    },
    "darwin": {
      "inputs": {
        "nixpkgs": [
          "error_no_internet_flake",
          "agenix",
          "nixpkgs"
        ]
      },
      "locked": {
        "lastModified": 1700795494,
        "narHash": "sha256-gzGLZSiOhf155FW7262kdHo2YDeugp3VuIFb4/GGng0=",
        "owner": "lnl7",
        "repo": "nix-darwin",
        "rev": "4b9b83d5a92e8c1fbfd8eb27eda375908c11ec4d",
        "type": "github"
      },
      "original": {
        "owner": "lnl7",
        "ref": "master",
        "repo": "nix-darwin",
        "type": "github"
      }
    },
    "devshell": {
      "inputs": {
        "flake-utils": "flake-utils_3",
        "nixpkgs": [
          "error_no_internet_flake",
          "nixvim",
          "nixpkgs"
        ]
      },
      "locked": {
        "lastModified": 1711099426,
        "narHash": "sha256-HzpgM/wc3aqpnHJJ2oDqPBkNsqWbW0WfWUO8lKu8nGk=",
        "owner": "numtide",
        "repo": "devshell",
        "rev": "2d45b54ca4a183f2fdcf4b19c895b64fbf620ee8",
        "type": "github"
      },
      "original": {
        "owner": "numtide",
        "repo": "devshell",
        "type": "github"
      }
    },
    "devshell_2": {
      "inputs": {
        "flake-utils": "flake-utils_7",
        "nixpkgs": [
          "nixvim",
          "nixpkgs"
        ]
      },
      "locked": {
        "lastModified": 1711099426,
        "narHash": "sha256-HzpgM/wc3aqpnHJJ2oDqPBkNsqWbW0WfWUO8lKu8nGk=",
        "owner": "numtide",
        "repo": "devshell",
        "rev": "2d45b54ca4a183f2fdcf4b19c895b64fbf620ee8",
        "type": "github"
      },
      "original": {
        "owner": "numtide",
        "repo": "devshell",
        "type": "github"
      }
    },
    "disko": {
      "inputs": {
        "nixpkgs": [
          "error_no_internet_flake",
          "nixpkgs"
        ]
      },
      "locked": {
        "lastModified": 1711462743,
        "narHash": "sha256-3wKGpHy9Kyh98DrziqC/s//60Q0pE17NgbY93L0uWng=",
        "owner": "nix-community",
        "repo": "disko",
        "rev": "a6717b1afee7ae955c61eefdf0ce8f864ef78115",
        "type": "github"
      },
      "original": {
        "owner": "nix-community",
        "repo": "disko",
        "type": "github"
      }
    },
    "error_no_internet_flake": {
      "inputs": {
        "agenix": "agenix",
        "attic": "attic",
        "disko": "disko",
        "flake-compat": "flake-compat",
        "flake-parts": "flake-parts",
        "flake-utils": "flake-utils",
        "home-manager": "home-manager",
        "hsize": "hsize",
        "hyprland": "hyprland",
        "hyprwm-contrib": "hyprwm-contrib",
        "iamb": "iamb",
        "neovim-nightly": "neovim-nightly",
        "nix-colors": "nix-colors",
        "nix-index-database": "nix-index-database",
        "nix-on-droid": "nix-on-droid",
        "nix-super": "nix-super",
        "nixpkgs": "nixpkgs_2",
        "nixvim": "nixvim",
        "nur": "nur",
        "overmask": "overmask",
        "paralload": "paralload",
        "rust-overlay": "rust-overlay",
        "shadower": "shadower",
        "spicetify-nix": "spicetify-nix"
      },
      "locked": {
        "lastModified": 1711828766,
        "narHash": "sha256-yl/mkvGOaPadEi2UzgCbR6FYwYykiZR3AYKtWHepaxI=",
        "owner": "ErrorNoInternet",
        "repo": "configuration.nix",
        "rev": "e8caf27bf4ef96fc705c858440f927de98393142",
        "type": "github"
      },
      "original": {
        "owner": "ErrorNoInternet",
        "repo": "configuration.nix",
        "type": "github"
      }
    },
    "flake-compat": {
      "locked": {
        "lastModified": 1696426674,
        "narHash": "sha256-kvjfFW7WAETZlt09AgDn1MrtKzP7t90Vf7vypd3OL1U=",
        "owner": "edolstra",
        "repo": "flake-compat",
        "rev": "0f9255e01c2351cc7d116c072cb317785dd33b33",
        "type": "github"
      },
      "original": {
        "owner": "edolstra",
        "repo": "flake-compat",
        "type": "github"
      }
    },
    "flake-compat_2": {
      "flake": false,
      "locked": {
        "lastModified": 1696426674,
        "narHash": "sha256-kvjfFW7WAETZlt09AgDn1MrtKzP7t90Vf7vypd3OL1U=",
        "owner": "edolstra",
        "repo": "flake-compat",
        "rev": "0f9255e01c2351cc7d116c072cb317785dd33b33",
        "type": "github"
      },
      "original": {
        "owner": "edolstra",
        "repo": "flake-compat",
        "type": "github"
      }
    },
    "flake-compat_3": {
      "locked": {
        "lastModified": 1696426674,
        "narHash": "sha256-kvjfFW7WAETZlt09AgDn1MrtKzP7t90Vf7vypd3OL1U=",
        "rev": "0f9255e01c2351cc7d116c072cb317785dd33b33",
        "revCount": 57,
        "type": "tarball",
        "url": "https://api.flakehub.com/f/pinned/edolstra/flake-compat/1.0.1/018afb31-abd1-7bff-a5e4-cff7e18efb7a/source.tar.gz"
      },
      "original": {
        "type": "tarball",
        "url": "https://flakehub.com/f/edolstra/flake-compat/1.tar.gz"
      }
    },
    "flake-compat_4": {
      "flake": false,
      "locked": {
        "lastModified": 1696426674,
        "narHash": "sha256-kvjfFW7WAETZlt09AgDn1MrtKzP7t90Vf7vypd3OL1U=",
        "owner": "edolstra",
        "repo": "flake-compat",
        "rev": "0f9255e01c2351cc7d116c072cb317785dd33b33",
        "type": "github"
      },
      "original": {
        "owner": "edolstra",
        "repo": "flake-compat",
        "type": "github"
      }
    },
    "flake-parts": {
      "inputs": {
        "nixpkgs-lib": [
          "error_no_internet_flake",
          "nixpkgs"
        ]
      },
      "locked": {
        "lastModified": 1709336216,
        "narHash": "sha256-Dt/wOWeW6Sqm11Yh+2+t0dfEWxoMxGBvv3JpIocFl9E=",
        "owner": "hercules-ci",
        "repo": "flake-parts",
        "rev": "f7b3c975cf067e56e7cda6cb098ebe3fb4d74ca2",
        "type": "github"
      },
      "original": {
        "owner": "hercules-ci",
        "repo": "flake-parts",
        "type": "github"
      }
    },
    "flake-parts_2": {
      "inputs": {
        "nixpkgs-lib": [
          "error_no_internet_flake",
          "neovim-nightly",
          "hercules-ci-effects",
          "nixpkgs"
        ]
      },
      "locked": {
        "lastModified": 1709336216,
        "narHash": "sha256-Dt/wOWeW6Sqm11Yh+2+t0dfEWxoMxGBvv3JpIocFl9E=",
        "owner": "hercules-ci",
        "repo": "flake-parts",
        "rev": "f7b3c975cf067e56e7cda6cb098ebe3fb4d74ca2",
        "type": "github"
      },
      "original": {
        "id": "flake-parts",
        "type": "indirect"
      }
    },
    "flake-parts_3": {
      "inputs": {
        "nixpkgs-lib": [
          "nixvim",
          "nixpkgs"
        ]
      },
      "locked": {
        "lastModified": 1709336216,
        "narHash": "sha256-Dt/wOWeW6Sqm11Yh+2+t0dfEWxoMxGBvv3JpIocFl9E=",
        "owner": "hercules-ci",
        "repo": "flake-parts",
        "rev": "f7b3c975cf067e56e7cda6cb098ebe3fb4d74ca2",
        "type": "github"
      },
      "original": {
        "owner": "hercules-ci",
        "repo": "flake-parts",
        "type": "github"
      }
    },
    "flake-utils": {
      "inputs": {
        "systems": "systems_2"
      },
      "locked": {
        "lastModified": 1710146030,
        "narHash": "sha256-SZ5L6eA7HJ/nmkzGG7/ISclqe6oZdOZTNoesiInkXPQ=",
        "owner": "numtide",
        "repo": "flake-utils",
        "rev": "b1d9ab70662946ef0850d488da1c9019f3a9752a",
        "type": "github"
      },
      "original": {
        "owner": "numtide",
        "repo": "flake-utils",
        "type": "github"
      }
    },
    "flake-utils_2": {
      "inputs": {
        "systems": "systems_5"
      },
      "locked": {
        "lastModified": 1701680307,
        "narHash": "sha256-kAuep2h5ajznlPMD9rnQyffWG8EM/C73lejGofXvdM8=",
        "owner": "numtide",
        "repo": "flake-utils",
        "rev": "4022d587cbbfd70fe950c1e2083a02621806a725",
        "type": "github"
      },
      "original": {
        "owner": "numtide",
        "repo": "flake-utils",
        "type": "github"
      }
    },
    "flake-utils_3": {
      "inputs": {
        "systems": "systems_6"
      },
      "locked": {
        "lastModified": 1701680307,
        "narHash": "sha256-kAuep2h5ajznlPMD9rnQyffWG8EM/C73lejGofXvdM8=",
        "owner": "numtide",
        "repo": "flake-utils",
        "rev": "4022d587cbbfd70fe950c1e2083a02621806a725",
        "type": "github"
      },
      "original": {
        "owner": "numtide",
        "repo": "flake-utils",
        "type": "github"
      }
    },
    "flake-utils_4": {
      "inputs": {
        "systems": "systems_7"
      },
      "locked": {
        "lastModified": 1710146030,
        "narHash": "sha256-SZ5L6eA7HJ/nmkzGG7/ISclqe6oZdOZTNoesiInkXPQ=",
        "owner": "numtide",
        "repo": "flake-utils",
        "rev": "b1d9ab70662946ef0850d488da1c9019f3a9752a",
        "type": "github"
      },
      "original": {
        "owner": "numtide",
        "repo": "flake-utils",
        "type": "github"
      }
    },
    "flake-utils_5": {
      "inputs": {
        "systems": "systems_8"
      },
      "locked": {
        "lastModified": 1689068808,
        "narHash": "sha256-6ixXo3wt24N/melDWjq70UuHQLxGV8jZvooRanIHXw0=",
        "owner": "numtide",
        "repo": "flake-utils",
        "rev": "919d646de7be200f3bf08cb76ae1f09402b6f9b4",
        "type": "github"
      },
      "original": {
        "owner": "numtide",
        "repo": "flake-utils",
        "type": "github"
      }
    },
    "flake-utils_6": {
      "inputs": {
        "systems": "systems_9"
      },
      "locked": {
        "lastModified": 1701680307,
        "narHash": "sha256-kAuep2h5ajznlPMD9rnQyffWG8EM/C73lejGofXvdM8=",
        "owner": "numtide",
        "repo": "flake-utils",
        "rev": "4022d587cbbfd70fe950c1e2083a02621806a725",
        "type": "github"
      },
      "original": {
        "owner": "numtide",
        "repo": "flake-utils",
        "type": "github"
      }
    },
    "flake-utils_7": {
      "inputs": {
        "systems": "systems_10"
      },
      "locked": {
        "lastModified": 1701680307,
        "narHash": "sha256-kAuep2h5ajznlPMD9rnQyffWG8EM/C73lejGofXvdM8=",
        "owner": "numtide",
        "repo": "flake-utils",
        "rev": "4022d587cbbfd70fe950c1e2083a02621806a725",
        "type": "github"
      },
      "original": {
        "owner": "numtide",
        "repo": "flake-utils",
        "type": "github"
      }
    },
    "flake-utils_8": {
      "inputs": {
        "systems": "systems_11"
      },
      "locked": {
        "lastModified": 1710146030,
        "narHash": "sha256-SZ5L6eA7HJ/nmkzGG7/ISclqe6oZdOZTNoesiInkXPQ=",
        "owner": "numtide",
        "repo": "flake-utils",
        "rev": "b1d9ab70662946ef0850d488da1c9019f3a9752a",
        "type": "github"
      },
      "original": {
        "owner": "numtide",
        "repo": "flake-utils",
        "type": "github"
      }
    },
    "gitignore": {
      "inputs": {
        "nixpkgs": [
          "error_no_internet_flake",
          "nixvim",
          "pre-commit-hooks",
          "nixpkgs"
        ]
      },
      "locked": {
        "lastModified": 1709087332,
        "narHash": "sha256-HG2cCnktfHsKV0s4XW83gU3F57gaTljL9KNSuG6bnQs=",
        "owner": "hercules-ci",
        "repo": "gitignore.nix",
        "rev": "637db329424fd7e46cf4185293b9cc8c88c95394",
        "type": "github"
      },
      "original": {
        "owner": "hercules-ci",
        "repo": "gitignore.nix",
        "type": "github"
      }
    },
    "gitignore_2": {
      "inputs": {
        "nixpkgs": [
          "nixvim",
          "pre-commit-hooks",
          "nixpkgs"
        ]
      },
      "locked": {
        "lastModified": 1709087332,
        "narHash": "sha256-HG2cCnktfHsKV0s4XW83gU3F57gaTljL9KNSuG6bnQs=",
        "owner": "hercules-ci",
        "repo": "gitignore.nix",
        "rev": "637db329424fd7e46cf4185293b9cc8c88c95394",
        "type": "github"
      },
      "original": {
        "owner": "hercules-ci",
        "repo": "gitignore.nix",
        "type": "github"
      }
    },
    "hercules-ci-effects": {
      "inputs": {
        "flake-parts": "flake-parts_2",
        "nixpkgs": [
          "error_no_internet_flake",
          "neovim-nightly",
          "nixpkgs"
        ]
      },
      "locked": {
        "lastModified": 1710478346,
        "narHash": "sha256-Xjf8BdnQG0tLhPMlqQdwCIjOp7Teox0DP3N/jjyiGM4=",
        "owner": "hercules-ci",
        "repo": "hercules-ci-effects",
        "rev": "64e7763d72c1e4c1e5e6472640615b6ae2d40fbf",
        "type": "github"
      },
      "original": {
        "owner": "hercules-ci",
        "repo": "hercules-ci-effects",
        "type": "github"
      }
    },
    "home-manager": {
      "inputs": {
        "nixpkgs": [
          "error_no_internet_flake",
          "nixpkgs"
        ]
      },
      "locked": {
        "lastModified": 1711133180,
        "narHash": "sha256-WJOahf+6115+GMl3wUfURu8fszuNeJLv9qAWFQl3Vmo=",
        "owner": "nix-community",
        "repo": "home-manager",
        "rev": "1c2c5e4cabba4c43504ef0f8cc3f3dfa284e2dbb",
        "type": "github"
      },
      "original": {
        "owner": "nix-community",
        "repo": "home-manager",
        "type": "github"
      }
    },
    "home-manager-shell": {
      "inputs": {
        "flake-utils": "flake-utils_5",
        "home-manager": [
          "home-manager"
        ],
        "nixpkgs": [
          "nixpkgs"
        ]
      },
      "locked": {
        "lastModified": 1691254581,
        "narHash": "sha256-Wvn6wYiU9ZTCNHqObVw4QwJA5XVTM9ywxjsx8SX2coE=",
        "owner": "~dermetfan",
        "repo": "home-manager-shell",
        "rev": "a063b8decee025810ff007580ac84dbae75d07fe",
        "type": "sourcehut"
      },
      "original": {
        "owner": "~dermetfan",
        "repo": "home-manager-shell",
        "type": "sourcehut"
      }
    },
    "home-manager_2": {
      "inputs": {
        "nixpkgs": [
          "nixpkgs"
        ]
      },
      "locked": {
        "lastModified": 1711625603,
        "narHash": "sha256-W+9dfqA9bqUIBV5u7jaIARAzMe3kTq/Hp2SpSVXKRQw=",
        "owner": "nix-community",
        "repo": "home-manager",
        "rev": "c0ef0dab55611c676ad7539bf4e41b3ec6fa87d2",
        "type": "github"
      },
      "original": {
        "owner": "nix-community",
        "repo": "home-manager",
        "type": "github"
      }
    },
    "home-manager_3": {
      "inputs": {
        "nixpkgs": [
          "nixvim",
          "nixpkgs"
        ]
      },
      "locked": {
        "lastModified": 1711625603,
        "narHash": "sha256-W+9dfqA9bqUIBV5u7jaIARAzMe3kTq/Hp2SpSVXKRQw=",
        "owner": "nix-community",
        "repo": "home-manager",
        "rev": "c0ef0dab55611c676ad7539bf4e41b3ec6fa87d2",
        "type": "github"
      },
      "original": {
        "owner": "nix-community",
        "repo": "home-manager",
        "type": "github"
      }
    },
    "hsize": {
      "inputs": {
        "flake-parts": [
          "error_no_internet_flake",
          "flake-parts"
        ],
        "nixpkgs": [
          "error_no_internet_flake",
          "nixpkgs"
        ],
        "rust-overlay": [
          "error_no_internet_flake",
          "rust-overlay"
        ]
      },
      "locked": {
        "lastModified": 1710446849,
        "narHash": "sha256-j+eGXIvyqsKL0uvHHYUamHOxbTtZ2Jat7KENLBkZTrg=",
        "owner": "ErrorNoInternet",
        "repo": "hsize",
        "rev": "f070404b782ebf35aa883007a78d3e51799c63e0",
        "type": "github"
      },
      "original": {
        "owner": "ErrorNoInternet",
        "repo": "hsize",
        "type": "github"
      }
    },
    "hyprcursor": {
      "inputs": {
        "hyprlang": "hyprlang",
        "nixpkgs": [
          "error_no_internet_flake",
          "hyprland",
          "nixpkgs"
        ],
        "systems": [
          "error_no_internet_flake",
          "hyprland",
          "systems"
        ]
      },
      "locked": {
        "lastModified": 1711035742,
        "narHash": "sha256-5vvhCSUGG9TA2G1eIRgokuYizhRnZu0ZbcU1MXfHsUE=",
        "owner": "hyprwm",
        "repo": "hyprcursor",
        "rev": "6a92473237f430399a417e1c2da9d7fcd4970086",
        "type": "github"
      },
      "original": {
        "owner": "hyprwm",
        "repo": "hyprcursor",
        "type": "github"
      }
    },
    "hyprland": {
      "inputs": {
        "hyprcursor": "hyprcursor",
        "hyprland-protocols": "hyprland-protocols",
        "hyprlang": "hyprlang_2",
        "nixpkgs": [
          "error_no_internet_flake",
          "nixpkgs"
        ],
        "systems": "systems_4",
        "wlroots": "wlroots",
        "xdph": "xdph"
      },
      "locked": {
        "lastModified": 1711592902,
        "narHash": "sha256-ZYfIr3miwekchd/r1slLHTHUs7KQ6iNZy4Tm47GGnvo=",
        "owner": "hyprwm",
        "repo": "Hyprland",
        "rev": "25718754534d0ccd87b198b63459497e63887f35",
        "type": "github"
      },
      "original": {
        "owner": "hyprwm",
        "repo": "Hyprland",
        "type": "github"
      }
    },
    "hyprland-protocols": {
      "inputs": {
        "nixpkgs": [
          "error_no_internet_flake",
          "hyprland",
          "nixpkgs"
        ],
        "systems": [
          "error_no_internet_flake",
          "hyprland",
          "systems"
        ]
      },
      "locked": {
        "lastModified": 1691753796,
        "narHash": "sha256-zOEwiWoXk3j3+EoF3ySUJmberFewWlagvewDRuWYAso=",
        "owner": "hyprwm",
        "repo": "hyprland-protocols",
        "rev": "0c2ce70625cb30aef199cb388f99e19a61a6ce03",
        "type": "github"
      },
      "original": {
        "owner": "hyprwm",
        "repo": "hyprland-protocols",
        "type": "github"
      }
    },
    "hyprlang": {
      "inputs": {
        "nixpkgs": [
          "error_no_internet_flake",
          "hyprland",
          "hyprcursor",
          "nixpkgs"
        ],
        "systems": "systems_3"
      },
      "locked": {
        "lastModified": 1709914708,
        "narHash": "sha256-bR4o3mynoTa1Wi4ZTjbnsZ6iqVcPGriXp56bZh5UFTk=",
        "owner": "hyprwm",
        "repo": "hyprlang",
        "rev": "a685493fdbeec01ca8ccdf1f3655c044a8ce2fe2",
        "type": "github"
      },
      "original": {
        "owner": "hyprwm",
        "repo": "hyprlang",
        "type": "github"
      }
    },
    "hyprlang_2": {
      "inputs": {
        "nixpkgs": [
          "error_no_internet_flake",
          "hyprland",
          "nixpkgs"
        ],
        "systems": [
          "error_no_internet_flake",
          "hyprland",
          "systems"
        ]
      },
      "locked": {
        "lastModified": 1710960526,
        "narHash": "sha256-tt0UgVKWeLQ+tFzvqrm4uAZbzONwdGshpfiLHAQ1P2c=",
        "owner": "hyprwm",
        "repo": "hyprlang",
        "rev": "a2f39421144d42541c057be235154ce21b76c0f6",
        "type": "github"
      },
      "original": {
        "owner": "hyprwm",
        "repo": "hyprlang",
        "type": "github"
      }
    },
    "hyprwm-contrib": {
      "inputs": {
        "nixpkgs": [
          "error_no_internet_flake",
          "nixpkgs"
        ]
      },
      "locked": {
        "lastModified": 1711036118,
        "narHash": "sha256-BxWizZAc845ks9BjEXosRjfBv/NMr1WwoORBQuixfII=",
        "owner": "hyprwm",
        "repo": "contrib",
        "rev": "536f00c5895015da1e7aa85bbee9aa6dcd149e69",
        "type": "github"
      },
      "original": {
        "owner": "hyprwm",
        "repo": "contrib",
        "type": "github"
      }
    },
    "iamb": {
      "inputs": {
        "flake-utils": [
          "error_no_internet_flake",
          "flake-utils"
        ],
        "nixpkgs": [
          "error_no_internet_flake",
          "nixpkgs"
        ],
        "rust-overlay": [
          "error_no_internet_flake",
          "rust-overlay"
        ]
      },
      "locked": {
        "lastModified": 1711468522,
        "narHash": "sha256-SxyAYRIuJ62aFuELq8yLBxZJmj0BeWW0zk4NShkLtHI=",
        "owner": "ulyssa",
        "repo": "iamb",
        "rev": "6600685dd55ab2a374896526503f60a4f3c07b82",
        "type": "github"
      },
      "original": {
        "owner": "ulyssa",
        "repo": "iamb",
        "type": "github"
      }
    },
    "libgit2": {
      "flake": false,
      "locked": {
        "lastModified": 1697646580,
        "narHash": "sha256-oX4Z3S9WtJlwvj0uH9HlYcWv+x1hqp8mhXl7HsLu2f0=",
        "owner": "libgit2",
        "repo": "libgit2",
        "rev": "45fd9ed7ae1a9b74b957ef4f337bc3c8b3df01b5",
        "type": "github"
      },
      "original": {
        "owner": "libgit2",
        "repo": "libgit2",
        "type": "github"
      }
    },
    "naersk": {
      "inputs": {
        "nixpkgs": [
          "error_no_internet_flake",
          "shadower",
          "nixpkgs"
        ]
      },
      "locked": {
        "lastModified": 1679567394,
        "narHash": "sha256-ZvLuzPeARDLiQUt6zSZFGOs+HZmE+3g4QURc8mkBsfM=",
        "owner": "nmattia",
        "repo": "naersk",
        "rev": "88cd22380154a2c36799fe8098888f0f59861a15",
        "type": "github"
      },
      "original": {
        "owner": "nmattia",
        "repo": "naersk",
        "type": "github"
      }
    },
    "neovim": {
      "inputs": {
        "flake-utils": "flake-utils_6",
        "nixpkgs": [
          "nixpkgs"
        ]
      },
      "locked": {
        "dir": "contrib",
        "lastModified": 1711855205,
        "narHash": "sha256-oUgcc1pPJ6yanCq/rWaZ5eqiiQWF6Su4BYoZLjDChR0=",
        "owner": "neovim",
        "repo": "neovim",
        "rev": "e1ff2c51cad755d0ddc04a23df23e317d77023ed",
        "type": "github"
      },
      "original": {
        "dir": "contrib",
        "owner": "neovim",
        "repo": "neovim",
        "type": "github"
      }
    },
    "neovim-flake": {
      "inputs": {
        "flake-utils": "flake-utils_2",
        "nixpkgs": [
          "error_no_internet_flake",
          "neovim-nightly",
          "nixpkgs"
        ]
      },
      "locked": {
        "dir": "contrib",
        "lastModified": 1711489301,
        "narHash": "sha256-EAo2qkWh87dgvmat5Md6p4ReRzEZEak12Ls9aiktKJM=",
        "owner": "neovim",
        "repo": "neovim",
        "rev": "77458e613b67b9e7607ae781bcfbdc2ff6b1b2ef",
        "type": "github"
      },
      "original": {
        "dir": "contrib",
        "owner": "neovim",
        "repo": "neovim",
        "type": "github"
      }
    },
    "neovim-nightly": {
      "inputs": {
        "flake-compat": [
          "error_no_internet_flake",
          "flake-compat"
        ],
        "flake-parts": [
          "error_no_internet_flake",
          "flake-parts"
        ],
        "hercules-ci-effects": "hercules-ci-effects",
        "neovim-flake": "neovim-flake",
        "nixpkgs": [
          "error_no_internet_flake",
          "nixpkgs"
        ]
      },
      "locked": {
        "lastModified": 1711497950,
        "narHash": "sha256-EGnKcNKwMREOZ6T/4rzgpWzS+B3ETujzCjpciuTtxds=",
        "owner": "nix-community",
        "repo": "neovim-nightly-overlay",
        "rev": "3072d414cb28d3fb2e957904e84c7832209a4fb0",
        "type": "github"
      },
      "original": {
        "owner": "nix-community",
        "repo": "neovim-nightly-overlay",
        "type": "github"
      }
    },
    "nix-colors": {
      "inputs": {
        "base16-schemes": "base16-schemes",
        "nixpkgs-lib": "nixpkgs-lib"
      },
      "locked": {
        "lastModified": 1707825078,
        "narHash": "sha256-hTfge2J2W+42SZ7VHXkf4kjU+qzFqPeC9k66jAUBMHk=",
        "owner": "misterio77",
        "repo": "nix-colors",
        "rev": "b01f024090d2c4fc3152cd0cf12027a7b8453ba1",
        "type": "github"
      },
      "original": {
        "owner": "misterio77",
        "repo": "nix-colors",
        "type": "github"
      }
    },
    "nix-darwin": {
      "inputs": {
        "nixpkgs": [
          "error_no_internet_flake",
          "nixvim",
          "nixpkgs"
        ]
      },
      "locked": {
        "lastModified": 1710717205,
        "narHash": "sha256-Wf3gHh5uV6W1TV/A8X8QJf99a5ypDSugY4sNtdJDe0A=",
        "owner": "lnl7",
        "repo": "nix-darwin",
        "rev": "bcc8afd06e237df060c85bad6af7128e05fd61a3",
        "type": "github"
      },
      "original": {
        "owner": "lnl7",
        "repo": "nix-darwin",
        "type": "github"
      }
    },
    "nix-darwin_2": {
      "inputs": {
        "nixpkgs": [
          "nixvim",
          "nixpkgs"
        ]
      },
      "locked": {
        "lastModified": 1711763326,
        "narHash": "sha256-sXcesZWKXFlEQ8oyGHnfk4xc9f2Ip0X/+YZOq3sKviI=",
        "owner": "lnl7",
        "repo": "nix-darwin",
        "rev": "36524adc31566655f2f4d55ad6b875fb5c1a4083",
        "type": "github"
      },
      "original": {
        "owner": "lnl7",
        "repo": "nix-darwin",
        "type": "github"
      }
    },
    "nix-formatter-pack": {
      "inputs": {
        "nixpkgs": [
          "error_no_internet_flake",
          "nix-on-droid",
          "nixpkgs"
        ],
        "nmd": "nmd",
        "nmt": "nmt"
      },
      "locked": {
        "lastModified": 1705252799,
        "narHash": "sha256-HgSTREh7VoXjGgNDwKQUYcYo13rPkltW7IitHrTPA5c=",
        "owner": "Gerschtli",
        "repo": "nix-formatter-pack",
        "rev": "2de39dedd79aab14c01b9e2934842051a160ffa5",
        "type": "github"
      },
      "original": {
        "owner": "Gerschtli",
        "repo": "nix-formatter-pack",
        "type": "github"
      }
    },
    "nix-index-database": {
      "inputs": {
        "nixpkgs": [
          "error_no_internet_flake",
          "nixpkgs"
        ]
      },
      "locked": {
        "lastModified": 1711249705,
        "narHash": "sha256-h/NQECj6mIzF4XR6AQoSpkCnwqAM+ol4+qOdYi2ykmQ=",
        "owner": "nix-community",
        "repo": "nix-index-database",
        "rev": "34519f3bb678a5abbddf7b200ac5347263ee781b",
        "type": "github"
      },
      "original": {
        "owner": "nix-community",
        "repo": "nix-index-database",
        "type": "github"
      }
    },
    "nix-on-droid": {
      "inputs": {
        "home-manager": [
          "error_no_internet_flake",
          "home-manager"
        ],
        "nix-formatter-pack": "nix-formatter-pack",
        "nixpkgs": [
          "error_no_internet_flake",
          "nixpkgs"
        ],
        "nixpkgs-docs": "nixpkgs-docs",
        "nixpkgs-for-bootstrap": "nixpkgs-for-bootstrap",
        "nmd": "nmd_2"
      },
      "locked": {
        "lastModified": 1710434231,
        "narHash": "sha256-yrWnsG28518tbIapJWiluweHORuuIwAQrA8lga0Sqlw=",
        "owner": "nix-community",
        "repo": "nix-on-droid",
        "rev": "2d93311c4f3f300154d2085e4b4b1d550237da92",
        "type": "github"
      },
      "original": {
        "owner": "nix-community",
        "repo": "nix-on-droid",
        "type": "github"
      }
    },
    "nix-super": {
      "inputs": {
        "flake-compat": [
          "error_no_internet_flake",
          "flake-compat"
        ],
        "libgit2": "libgit2",
        "nixpkgs": "nixpkgs",
        "nixpkgs-regression": "nixpkgs-regression"
      },
      "locked": {
        "lastModified": 1711388763,
        "narHash": "sha256-z5lTtZ3Np3P5E03S7J627Gie7HtLPxscmuQ40Vu8xuw=",
        "owner": "privatevoid-net",
        "repo": "nix-super",
        "rev": "06eac000db910dd07c935b2dd279b92b21b61571",
        "type": "github"
      },
      "original": {
        "owner": "privatevoid-net",
        "repo": "nix-super",
        "type": "github"
      }
    },
    "nixpkgs": {
      "locked": {
        "lastModified": 1709083642,
        "narHash": "sha256-7kkJQd4rZ+vFrzWu8sTRtta5D1kBG0LSRYAfhtmMlSo=",
        "owner": "NixOS",
        "repo": "nixpkgs",
        "rev": "b550fe4b4776908ac2a861124307045f8e717c8e",
        "type": "github"
      },
      "original": {
        "owner": "NixOS",
        "ref": "release-23.11",
        "repo": "nixpkgs",
        "type": "github"
      }
    },
    "nixpkgs-docs": {
      "locked": {
        "lastModified": 1705957679,
        "narHash": "sha256-Q8LJaVZGJ9wo33wBafvZSzapYsjOaNjP/pOnSiKVGHY=",
        "owner": "NixOS",
        "repo": "nixpkgs",
        "rev": "9a333eaa80901efe01df07eade2c16d183761fa3",
        "type": "github"
      },
      "original": {
        "owner": "NixOS",
        "ref": "release-23.05",
        "repo": "nixpkgs",
        "type": "github"
      }
    },
    "nixpkgs-for-bootstrap": {
      "locked": {
        "lastModified": 1708105575,
        "narHash": "sha256-sS4AItZeUnAei6v8FqxNlm+/27MPlfoGym/TZP0rmH0=",
        "owner": "NixOS",
        "repo": "nixpkgs",
        "rev": "1d1817869c47682a6bee85b5b0a6537b6c0fba26",
        "type": "github"
      },
      "original": {
        "owner": "NixOS",
        "repo": "nixpkgs",
        "rev": "1d1817869c47682a6bee85b5b0a6537b6c0fba26",
        "type": "github"
      }
    },
    "nixpkgs-lib": {
      "locked": {
        "lastModified": 1697935651,
        "narHash": "sha256-qOfWjQ2JQSQL15KLh6D7xQhx0qgZlYZTYlcEiRuAMMw=",
        "owner": "nix-community",
        "repo": "nixpkgs.lib",
        "rev": "e1e11fdbb01113d85c7f41cada9d2847660e3902",
        "type": "github"
      },
      "original": {
        "owner": "nix-community",
        "repo": "nixpkgs.lib",
        "type": "github"
      }
    },
    "nixpkgs-regression": {
      "locked": {
        "lastModified": 1643052045,
        "narHash": "sha256-uGJ0VXIhWKGXxkeNnq4TvV3CIOkUJ3PAoLZ3HMzNVMw=",
        "owner": "NixOS",
        "repo": "nixpkgs",
        "rev": "215d4d0fd80ca5163643b03a33fde804a29cc1e2",
        "type": "github"
      },
      "original": {
        "owner": "NixOS",
        "repo": "nixpkgs",
        "rev": "215d4d0fd80ca5163643b03a33fde804a29cc1e2",
        "type": "github"
      }
    },
    "nixpkgs-stable": {
      "locked": {
        "lastModified": 1702780907,
        "narHash": "sha256-blbrBBXjjZt6OKTcYX1jpe9SRof2P9ZYWPzq22tzXAA=",
        "owner": "NixOS",
        "repo": "nixpkgs",
        "rev": "1e2e384c5b7c50dbf8e9c441a9e58d85f408b01f",
        "type": "github"
      },
      "original": {
        "owner": "NixOS",
        "ref": "nixos-23.11",
        "repo": "nixpkgs",
        "type": "github"
      }
    },
    "nixpkgs_2": {
      "locked": {
        "lastModified": 1711333969,
        "narHash": "sha256-5PiWGn10DQjMZee5NXzeA6ccsv60iLu+Xtw+mfvkUAs=",
        "owner": "NixOS",
        "repo": "nixpkgs",
        "rev": "57e6b3a9e4ebec5aa121188301f04a6b8c354c9b",
        "type": "github"
      },
      "original": {
        "owner": "NixOS",
        "ref": "nixos-unstable",
        "repo": "nixpkgs",
        "type": "github"
      }
    },
    "nixpkgs_3": {
      "locked": {
        "lastModified": 1682809678,
        "narHash": "sha256-jqR8t82mWotOSgnWZvr6xXCO/tc3fCPTLMPvI7Jo5rA=",
        "owner": "NixOS",
        "repo": "nixpkgs",
        "rev": "3dcff817eebb7e4afc4e9eae0ce6f722f4d9e399",
        "type": "github"
      },
      "original": {
        "owner": "NixOS",
        "ref": "nixpkgs-unstable",
        "repo": "nixpkgs",
        "type": "github"
      }
    },
    "nixpkgs_4": {
      "locked": {
        "lastModified": 1711703276,
        "narHash": "sha256-iMUFArF0WCatKK6RzfUJknjem0H9m4KgorO/p3Dopkk=",
        "owner": "NixOS",
        "repo": "nixpkgs",
        "rev": "d8fe5e6c92d0d190646fb9f1056741a229980089",
        "type": "github"
      },
      "original": {
        "owner": "NixOS",
        "ref": "nixos-unstable",
        "repo": "nixpkgs",
        "type": "github"
      }
    },
    "nixvim": {
      "inputs": {
        "devshell": "devshell",
        "flake-compat": [
          "error_no_internet_flake",
          "flake-compat"
        ],
        "flake-parts": [
          "error_no_internet_flake",
          "flake-parts"
        ],
        "home-manager": [
          "error_no_internet_flake",
          "home-manager"
        ],
        "nix-darwin": "nix-darwin",
        "nixpkgs": [
          "error_no_internet_flake",
          "nixpkgs"
        ],
        "pre-commit-hooks": "pre-commit-hooks"
      },
      "locked": {
        "lastModified": 1711456788,
        "narHash": "sha256-Aj9dEP/J/my+WWUlw5JRAjYFZJVOZ08jxYXgNHtbb8E=",
        "owner": "nix-community",
        "repo": "nixvim",
        "rev": "b8b0c1d58f3259dd0236a5844897aeec3b36b73d",
        "type": "github"
      },
      "original": {
        "owner": "nix-community",
        "repo": "nixvim",
        "type": "github"
      }
    },
    "nixvim_2": {
      "inputs": {
        "devshell": "devshell_2",
        "flake-compat": "flake-compat_3",
        "flake-parts": "flake-parts_3",
        "home-manager": "home-manager_3",
        "nix-darwin": "nix-darwin_2",
        "nixpkgs": [
          "nixpkgs"
        ],
        "pre-commit-hooks": "pre-commit-hooks_2"
      },
      "locked": {
        "lastModified": 1711809391,
        "narHash": "sha256-/nGV6P8nB/R/ysbl1KQIKIwp1mQPXxtnoEd+pf3X+nw=",
        "owner": "nix-community",
        "repo": "nixvim",
        "rev": "0c16f59202c5062d12ef9cd4560cc9fca9d99f9a",
        "type": "github"
      },
      "original": {
        "owner": "nix-community",
        "repo": "nixvim",
        "type": "github"
      }
    },
    "nmd": {
      "flake": false,
      "locked": {
        "lastModified": 1666190571,
        "narHash": "sha256-Z1hc7M9X6L+H83o9vOprijpzhTfOBjd0KmUTnpHAVjA=",
        "owner": "rycee",
        "repo": "nmd",
        "rev": "b75d312b4f33bd3294cd8ae5c2ca8c6da2afc169",
        "type": "gitlab"
      },
      "original": {
        "owner": "rycee",
        "repo": "nmd",
        "type": "gitlab"
      }
    },
    "nmd_2": {
      "inputs": {
        "nixpkgs": [
          "error_no_internet_flake",
          "nix-on-droid",
          "nixpkgs-docs"
        ],
        "scss-reset": "scss-reset"
      },
      "locked": {
        "lastModified": 1705050560,
        "narHash": "sha256-x3zzcdvhJpodsmdjqB4t5mkVW22V3wqHLOun0KRBzUI=",
        "owner": "~rycee",
        "repo": "nmd",
        "rev": "66d9334933119c36f91a78d565c152a4fdc8d3d3",
        "type": "sourcehut"
      },
      "original": {
        "owner": "~rycee",
        "repo": "nmd",
        "type": "sourcehut"
      }
    },
    "nmt": {
      "flake": false,
      "locked": {
        "lastModified": 1648075362,
        "narHash": "sha256-u36WgzoA84dMVsGXzml4wZ5ckGgfnvS0ryzo/3zn/Pc=",
        "owner": "rycee",
        "repo": "nmt",
        "rev": "d83601002c99b78c89ea80e5e6ba21addcfe12ae",
        "type": "gitlab"
      },
      "original": {
        "owner": "rycee",
        "repo": "nmt",
        "type": "gitlab"
      }
    },
    "nur": {
      "locked": {
        "lastModified": 1711716298,
        "narHash": "sha256-24MNZKd/kBWp1Lks+IeN0MUcNgVtddlwvcb5g/J1bMM=",
        "owner": "nix-community",
        "repo": "nur",
        "rev": "0a7a2c10096cae71f40231baf9ba65a409833d7d",
        "type": "github"
      },
      "original": {
        "owner": "nix-community",
        "repo": "nur",
        "type": "github"
      }
    },
    "overmask": {
      "inputs": {
        "flake-parts": [
          "error_no_internet_flake",
          "flake-parts"
        ],
        "nixpkgs": [
          "error_no_internet_flake",
          "nixpkgs"
        ],
        "rust-overlay": [
          "error_no_internet_flake",
          "rust-overlay"
        ]
      },
      "locked": {
        "lastModified": 1710412824,
        "narHash": "sha256-Tc/rLdoPhwx921iK5zMuRCIrdukt2ZHuqqEjr/YcgPI=",
        "owner": "ErrorNoInternet",
        "repo": "overmask",
        "rev": "36bc082a0ee7b341ffa186659697efdd1db2f7d8",
        "type": "github"
      },
      "original": {
        "owner": "ErrorNoInternet",
        "repo": "overmask",
        "type": "github"
      }
    },
    "paralload": {
      "inputs": {
        "flake-parts": [
          "error_no_internet_flake",
          "flake-parts"
        ],
        "nixpkgs": [
          "error_no_internet_flake",
          "nixpkgs"
        ]
      },
      "locked": {
        "lastModified": 1708711784,
        "narHash": "sha256-Qg0YPeU++upFZGlK7M8QpHbaYCVVitwnGTB1G4PO9KU=",
        "owner": "ErrorNoInternet",
        "repo": "Paralload",
        "rev": "5e8020a07af3f3f628e9afc0544f389d39d5da62",
        "type": "github"
      },
      "original": {
        "owner": "ErrorNoInternet",
        "repo": "Paralload",
        "type": "github"
      }
    },
    "pre-commit-hooks": {
      "inputs": {
        "flake-compat": "flake-compat_2",
        "flake-utils": "flake-utils_4",
        "gitignore": "gitignore",
        "nixpkgs": [
          "error_no_internet_flake",
          "nixvim",
          "nixpkgs"
        ],
        "nixpkgs-stable": [
          "error_no_internet_flake",
          "nixvim",
          "nixpkgs"
        ]
      },
      "locked": {
        "lastModified": 1710923068,
        "narHash": "sha256-6hOpUiuxuwpXXc/xfJsBUJeqqgGI+JMJuLo45aG3cKc=",
        "owner": "cachix",
        "repo": "pre-commit-hooks.nix",
        "rev": "e611897ddfdde3ed3eaac4758635d7177ff78673",
        "type": "github"
      },
      "original": {
        "owner": "cachix",
        "repo": "pre-commit-hooks.nix",
        "type": "github"
      }
    },
    "pre-commit-hooks_2": {
      "inputs": {
        "flake-compat": "flake-compat_4",
        "flake-utils": "flake-utils_8",
        "gitignore": "gitignore_2",
        "nixpkgs": [
          "nixvim",
          "nixpkgs"
        ],
        "nixpkgs-stable": [
          "nixvim",
          "nixpkgs"
        ]
      },
      "locked": {
        "lastModified": 1711760932,
        "narHash": "sha256-DqUTQ2iAAqSDwMhKBqvi24v0Oc7pD3LCK/0FCG//TdA=",
        "owner": "cachix",
        "repo": "pre-commit-hooks.nix",
        "rev": "c11e43aed6f17336c25cd120eac886b96c455731",
        "type": "github"
      },
      "original": {
        "owner": "cachix",
        "repo": "pre-commit-hooks.nix",
        "type": "github"
      }
    },
    "root": {
      "inputs": {
        "ags": "ags",
        "error_no_internet_flake": "error_no_internet_flake",
        "home-manager": "home-manager_2",
        "home-manager-shell": "home-manager-shell",
        "neovim": "neovim",
        "nixpkgs": "nixpkgs_4",
        "nixvim": "nixvim_2"
      }
    },
    "rust-overlay": {
      "inputs": {
        "flake-utils": [
          "error_no_internet_flake",
          "flake-utils"
        ],
        "nixpkgs": [
          "error_no_internet_flake",
          "nixpkgs"
        ]
      },
      "locked": {
        "lastModified": 1711073443,
        "narHash": "sha256-PpNb4xq7U5Q/DdX40qe7CijUsqhVVM3VZrhN0+c6Lcw=",
        "owner": "oxalica",
        "repo": "rust-overlay",
        "rev": "eec55ba9fcde6be4c63942827247e42afef7fafe",
        "type": "github"
      },
      "original": {
        "owner": "oxalica",
        "repo": "rust-overlay",
        "type": "github"
      }
    },
    "scss-reset": {
      "flake": false,
      "locked": {
        "lastModified": 1631450058,
        "narHash": "sha256-muDlZJPtXDIGevSEWkicPP0HQ6VtucbkMNygpGlBEUM=",
        "owner": "andreymatin",
        "repo": "scss-reset",
        "rev": "0cf50e27a4e95e9bb5b1715eedf9c54dee1a5a91",
        "type": "github"
      },
      "original": {
        "owner": "andreymatin",
        "repo": "scss-reset",
        "type": "github"
      }
    },
    "shadower": {
      "inputs": {
        "naersk": "naersk",
        "nixpkgs": "nixpkgs_3"
      },
      "locked": {
        "lastModified": 1707695303,
        "narHash": "sha256-Afd0kQ2meBZZc+2HfvnUTQlO4UqnA0dzF/g5L9pttc0=",
        "owner": "n3oney",
        "repo": "shadower",
        "rev": "2bbd183476524f0bc760d8119edd7aaab312f60d",
        "type": "github"
      },
      "original": {
        "owner": "n3oney",
        "repo": "shadower",
        "type": "github"
      }
    },
    "spicetify-nix": {
      "inputs": {
        "flake-utils": [
          "error_no_internet_flake",
          "flake-utils"
        ],
        "nixpkgs": [
          "error_no_internet_flake",
          "nixpkgs"
        ]
      },
      "locked": {
        "lastModified": 1704167711,
        "narHash": "sha256-kFDq+kf/Di/P8bq5sUP8pVwRkrSVrABksBjMPmLic3s=",
        "owner": "the-argus",
        "repo": "spicetify-nix",
        "rev": "1325416f951d6a82cfddb1289864ad782e2b87c4",
        "type": "github"
      },
      "original": {
        "owner": "the-argus",
        "repo": "spicetify-nix",
        "type": "github"
      }
    },
    "systems": {
      "locked": {
        "lastModified": 1681028828,
        "narHash": "sha256-Vy1rq5AaRuLzOxct8nz4T6wlgyUR7zLU309k9mBC768=",
        "owner": "nix-systems",
        "repo": "default",
        "rev": "da67096a3b9bf56a91d16901293e51ba5b49a27e",
        "type": "github"
      },
      "original": {
        "owner": "nix-systems",
        "repo": "default",
        "type": "github"
      }
    },
    "systems_10": {
      "locked": {
        "lastModified": 1681028828,
        "narHash": "sha256-Vy1rq5AaRuLzOxct8nz4T6wlgyUR7zLU309k9mBC768=",
        "owner": "nix-systems",
        "repo": "default",
        "rev": "da67096a3b9bf56a91d16901293e51ba5b49a27e",
        "type": "github"
      },
      "original": {
        "owner": "nix-systems",
        "repo": "default",
        "type": "github"
      }
    },
    "systems_11": {
      "locked": {
        "lastModified": 1681028828,
        "narHash": "sha256-Vy1rq5AaRuLzOxct8nz4T6wlgyUR7zLU309k9mBC768=",
        "owner": "nix-systems",
        "repo": "default",
        "rev": "da67096a3b9bf56a91d16901293e51ba5b49a27e",
        "type": "github"
      },
      "original": {
        "owner": "nix-systems",
        "repo": "default",
        "type": "github"
      }
    },
    "systems_2": {
      "locked": {
        "lastModified": 1681028828,
        "narHash": "sha256-Vy1rq5AaRuLzOxct8nz4T6wlgyUR7zLU309k9mBC768=",
        "owner": "nix-systems",
        "repo": "default",
        "rev": "da67096a3b9bf56a91d16901293e51ba5b49a27e",
        "type": "github"
      },
      "original": {
        "owner": "nix-systems",
        "repo": "default",
        "type": "github"
      }
    },
    "systems_3": {
      "locked": {
        "lastModified": 1689347949,
        "narHash": "sha256-12tWmuL2zgBgZkdoB6qXZsgJEH9LR3oUgpaQq2RbI80=",
        "owner": "nix-systems",
        "repo": "default-linux",
        "rev": "31732fcf5e8fea42e59c2488ad31a0e651500f68",
        "type": "github"
      },
      "original": {
        "owner": "nix-systems",
        "repo": "default-linux",
        "type": "github"
      }
    },
    "systems_4": {
      "locked": {
        "lastModified": 1689347949,
        "narHash": "sha256-12tWmuL2zgBgZkdoB6qXZsgJEH9LR3oUgpaQq2RbI80=",
        "owner": "nix-systems",
        "repo": "default-linux",
        "rev": "31732fcf5e8fea42e59c2488ad31a0e651500f68",
        "type": "github"
      },
      "original": {
        "owner": "nix-systems",
        "repo": "default-linux",
        "type": "github"
      }
    },
    "systems_5": {
      "locked": {
        "lastModified": 1681028828,
        "narHash": "sha256-Vy1rq5AaRuLzOxct8nz4T6wlgyUR7zLU309k9mBC768=",
        "owner": "nix-systems",
        "repo": "default",
        "rev": "da67096a3b9bf56a91d16901293e51ba5b49a27e",
        "type": "github"
      },
      "original": {
        "owner": "nix-systems",
        "repo": "default",
        "type": "github"
      }
    },
    "systems_6": {
      "locked": {
        "lastModified": 1681028828,
        "narHash": "sha256-Vy1rq5AaRuLzOxct8nz4T6wlgyUR7zLU309k9mBC768=",
        "owner": "nix-systems",
        "repo": "default",
        "rev": "da67096a3b9bf56a91d16901293e51ba5b49a27e",
        "type": "github"
      },
      "original": {
        "owner": "nix-systems",
        "repo": "default",
        "type": "github"
      }
    },
    "systems_7": {
      "locked": {
        "lastModified": 1681028828,
        "narHash": "sha256-Vy1rq5AaRuLzOxct8nz4T6wlgyUR7zLU309k9mBC768=",
        "owner": "nix-systems",
        "repo": "default",
        "rev": "da67096a3b9bf56a91d16901293e51ba5b49a27e",
        "type": "github"
      },
      "original": {
        "owner": "nix-systems",
        "repo": "default",
        "type": "github"
      }
    },
    "systems_8": {
      "locked": {
        "lastModified": 1681028828,
        "narHash": "sha256-Vy1rq5AaRuLzOxct8nz4T6wlgyUR7zLU309k9mBC768=",
        "owner": "nix-systems",
        "repo": "default",
        "rev": "da67096a3b9bf56a91d16901293e51ba5b49a27e",
        "type": "github"
      },
      "original": {
        "owner": "nix-systems",
        "repo": "default",
        "type": "github"
      }
    },
    "systems_9": {
      "locked": {
        "lastModified": 1681028828,
        "narHash": "sha256-Vy1rq5AaRuLzOxct8nz4T6wlgyUR7zLU309k9mBC768=",
        "owner": "nix-systems",
        "repo": "default",
        "rev": "da67096a3b9bf56a91d16901293e51ba5b49a27e",
        "type": "github"
      },
      "original": {
        "owner": "nix-systems",
        "repo": "default",
        "type": "github"
      }
    },
    "wlroots": {
      "flake": false,
      "locked": {
        "host": "gitlab.freedesktop.org",
        "lastModified": 1709983277,
        "narHash": "sha256-wXWIJLd4F2JZeMaihWVDW/yYXCLEC8OpeNJZg9a9ly8=",
        "owner": "wlroots",
        "repo": "wlroots",
        "rev": "50eae512d9cecbf0b3b1898bb1f0b40fa05fe19b",
        "type": "gitlab"
      },
      "original": {
        "host": "gitlab.freedesktop.org",
        "owner": "wlroots",
        "repo": "wlroots",
        "rev": "50eae512d9cecbf0b3b1898bb1f0b40fa05fe19b",
        "type": "gitlab"
      }
    },
    "xdph": {
      "inputs": {
        "hyprland-protocols": [
          "error_no_internet_flake",
          "hyprland",
          "hyprland-protocols"
        ],
        "hyprlang": [
          "error_no_internet_flake",
          "hyprland",
          "hyprlang"
        ],
        "nixpkgs": [
          "error_no_internet_flake",
          "hyprland",
          "nixpkgs"
        ],
        "systems": [
          "error_no_internet_flake",
          "hyprland",
          "systems"
        ]
      },
      "locked": {
        "lastModified": 1709299639,
        "narHash": "sha256-jYqJM5khksLIbqSxCLUUcqEgI+O2LdlSlcMEBs39CAU=",
        "owner": "hyprwm",
        "repo": "xdg-desktop-portal-hyprland",
        "rev": "2d2fb547178ec025da643db57d40a971507b82fe",
        "type": "github"
      },
      "original": {
        "owner": "hyprwm",
        "repo": "xdg-desktop-portal-hyprland",
        "type": "github"
      }
    }
  },
  "root": "root",
  "version": 7
}
